
Microsoft Visual Studio Solution File, Format Version 12.00
# Visual Studio Version 17
VisualStudioVersion = 17.6.33723.286
MinimumVisualStudioVersion = 10.0.40219.1
Project("{FAE04EC0-301F-11D3-BF4B-00C04F79EFBC}") = "Casestudy", "Casestudy\Casestudy.csproj", "{912E0DAB-BB43-4051-8ED7-2431C05DACD8}"
EndProject
Global
	GlobalSection(SolutionConfigurationPlatforms) = preSolution
		Debug|Any CPU = Debug|Any CPU
		Release|Any CPU = Release|Any CPU
	EndGlobalSection
	GlobalSection(ProjectConfigurationPlatforms) = postSolution
		{912E0DAB-BB43-4051-8ED7-2431C05DACD8}.Debug|Any CPU.ActiveCfg = Debug|Any CPU
		{912E0DAB-BB43-4051-8ED7-2431C05DACD8}.Debug|Any CPU.Build.0 = Debug|Any CPU
		{912E0DAB-BB43-4051-8ED7-2431C05DACD8}.Release|Any CPU.ActiveCfg = Release|Any CPU
		{912E0DAB-BB43-4051-8ED7-2431C05DACD8}.Release|Any CPU.Build.0 = Release|Any CPU
	EndGlobalSection
	GlobalSection(SolutionProperties) = preSolution
		HideSolutionNode = FALSE
	EndGlobalSection
	GlobalSection(ExtensibilityGlobals) = postSolution
		SolutionGuid = {212A7824-CB35-403E-9BA7-8D6ACE86E909}
	EndGlobalSection
EndGlobal
